
Microsoft Visual Studio Solution File, Format Version 12.00
# Visual Studio 15
VisualStudioVersion = 15.0.28010.2026
MinimumVisualStudioVersion = 10.0.40219.1
Project("{FAE04EC0-301F-11D3-BF4B-00C04F79EFBC}") = "MovPickObj", "MovPickObj\MovPickObj.csproj", "{1E5DD76A-1E0D-4D2B-9AA9-9351B423D6FB}"
EndProject
Global
	GlobalSection(SolutionConfigurationPlatforms) = preSolution
		Debug|Any CPU = Debug|Any CPU
		Release|Any CPU = Release|Any CPU
	EndGlobalSection
	GlobalSection(ProjectConfigurationPlatforms) = postSolution
		{1E5DD76A-1E0D-4D2B-9AA9-9351B423D6FB}.Debug|Any CPU.ActiveCfg = Debug|Any CPU
		{1E5DD76A-1E0D-4D2B-9AA9-9351B423D6FB}.Debug|Any CPU.Build.0 = Debug|Any CPU
		{1E5DD76A-1E0D-4D2B-9AA9-9351B423D6FB}.Release|Any CPU.ActiveCfg = Release|Any CPU
		{1E5DD76A-1E0D-4D2B-9AA9-9351B423D6FB}.Release|Any CPU.Build.0 = Release|Any CPU
	EndGlobalSection
	GlobalSection(SolutionProperties) = preSolution
		HideSolutionNode = FALSE
	EndGlobalSection
	GlobalSection(ExtensibilityGlobals) = postSolution
		SolutionGuid = {494BD8CF-8F90-4CCD-9833-7034DE033EEE}
	EndGlobalSection
EndGlobal
